dependencies:
- name: trustwave-common
  repository: file://../../trustwave-common
  version: 0.1.0
- name: configserver
  repository: file://../../trustwave-services/configserver
  version: 0.1.0
- name: accounts
  repository: file://../../trustwave-services/accounts
  version: 0.1.0
- name: cards
  repository: file://../../trustwave-services/cards
  version: 0.1.0
- name: loans
  repository: file://../../trustwave-services/loans
  version: 0.1.0
- name: gatewayserver
  repository: file://../../trustwave-services/gatewayserver
  version: 0.1.0
- name: message
  repository: file://../../trustwave-services/message
  version: 0.1.0
digest: sha256:64c5f44c9fe40eedac610a1843e75b02261c64e30c04ca43ccb92d8c42e33411
generated: "2025-08-31T21:18:01.006953+05:30"
